
Microsoft Visual Studio Solution File, Format Version 12.00
# Visual Studio Version 16
VisualStudioVersion = 16.0.32106.194
MinimumVisualStudioVersion = 10.0.40219.1
Project("{FAE04EC0-301F-11D3-BF4B-00C04F79EFBC}") = "MVVM.Android", "MVVM.Android\MVVM.Android.csproj", "{8BC5B2E5-B2B6-4847-A28D-C0903BA8D73F}"
EndProject
Project("{FAE04EC0-301F-11D3-BF4B-00C04F79EFBC}") = "MVVM.iOS", "MVVM.iOS\MVVM.iOS.csproj", "{683BB6E0-221F-469E-83EE-5247ACBA32C2}"
EndProject
Project("{9A19103F-16F7-4668-BE54-9A1E7A4F7556}") = "MVVM", "MVVM\MVVM.csproj", "{BAC9FC9C-E410-47B3-B003-7B4623AA1C6C}"
EndProject
Project("{FAE04EC0-301F-11D3-BF4B-00C04F79EFBC}") = "MeowWebApp", "MeowWebApp\MeowWebApp.csproj", "{AC293DE0-66C5-4C77-AD76-19256017A25C}"
EndProject
Global
	GlobalSection(SolutionConfigurationPlatforms) = preSolution
		Debug|Any CPU = Debug|Any CPU
		Debug|iPhone = Debug|iPhone
		Debug|iPhoneSimulator = Debug|iPhoneSimulator
		Release|Any CPU = Release|Any CPU
		Release|iPhone = Release|iPhone
		Release|iPhoneSimulator = Release|iPhoneSimulator
	EndGlobalSection
	GlobalSection(ProjectConfigurationPlatforms) = postSolution
		{8BC5B2E5-B2B6-4847-A28D-C0903BA8D73F}.Debug|Any CPU.ActiveCfg = Debug|Any CPU
		{8BC5B2E5-B2B6-4847-A28D-C0903BA8D73F}.Debug|Any CPU.Build.0 = Debug|Any CPU
		{8BC5B2E5-B2B6-4847-A28D-C0903BA8D73F}.Debug|Any CPU.Deploy.0 = Debug|Any CPU
		{8BC5B2E5-B2B6-4847-A28D-C0903BA8D73F}.Debug|iPhone.ActiveCfg = Debug|Any CPU
		{8BC5B2E5-B2B6-4847-A28D-C0903BA8D73F}.Debug|iPhone.Build.0 = Debug|Any CPU
		{8BC5B2E5-B2B6-4847-A28D-C0903BA8D73F}.Debug|iPhone.Deploy.0 = Debug|Any CPU
		{8BC5B2E5-B2B6-4847-A28D-C0903BA8D73F}.Debug|iPhoneSimulator.ActiveCfg = Debug|Any CPU
		{8BC5B2E5-B2B6-4847-A28D-C0903BA8D73F}.Debug|iPhoneSimulator.Build.0 = Debug|Any CPU
		{8BC5B2E5-B2B6-4847-A28D-C0903BA8D73F}.Debug|iPhoneSimulator.Deploy.0 = Debug|Any CPU
		{8BC5B2E5-B2B6-4847-A28D-C0903BA8D73F}.Release|Any CPU.ActiveCfg = Release|Any CPU
		{8BC5B2E5-B2B6-4847-A28D-C0903BA8D73F}.Release|Any CPU.Build.0 = Release|Any CPU
		{8BC5B2E5-B2B6-4847-A28D-C0903BA8D73F}.Release|Any CPU.Deploy.0 = Release|Any CPU
		{8BC5B2E5-B2B6-4847-A28D-C0903BA8D73F}.Release|iPhone.ActiveCfg = Release|Any CPU
		{8BC5B2E5-B2B6-4847-A28D-C0903BA8D73F}.Release|iPhone.Build.0 = Release|Any CPU
		{8BC5B2E5-B2B6-4847-A28D-C0903BA8D73F}.Release|iPhone.Deploy.0 = Release|Any CPU
		{8BC5B2E5-B2B6-4847-A28D-C0903BA8D73F}.Release|iPhoneSimulator.ActiveCfg = Release|Any CPU
		{8BC5B2E5-B2B6-4847-A28D-C0903BA8D73F}.Release|iPhoneSimulator.Build.0 = Release|Any CPU
		{8BC5B2E5-B2B6-4847-A28D-C0903BA8D73F}.Release|iPhoneSimulator.Deploy.0 = Release|Any CPU
		{683BB6E0-221F-469E-83EE-5247ACBA32C2}.Debug|Any CPU.ActiveCfg = Debug|iPhone
		{683BB6E0-221F-469E-83EE-5247ACBA32C2}.Debug|Any CPU.Build.0 = Debug|iPhone
		{683BB6E0-221F-469E-83EE-5247ACBA32C2}.Debug|Any CPU.Deploy.0 = Debug|iPhone
		{683BB6E0-221F-469E-83EE-5247ACBA32C2}.Debug|iPhone.ActiveCfg = Debug|iPhone
		{683BB6E0-221F-469E-83EE-5247ACBA32C2}.Debug|iPhone.Build.0 = Debug|iPhone
		{683BB6E0-221F-469E-83EE-5247ACBA32C2}.Debug|iPhone.Deploy.0 = Debug|iPhone
		{683BB6E0-221F-469E-83EE-5247ACBA32C2}.Debug|iPhoneSimulator.ActiveCfg = Debug|iPhoneSimulator
		{683BB6E0-221F-469E-83EE-5247ACBA32C2}.Debug|iPhoneSimulator.Build.0 = Debug|iPhoneSimulator
		{683BB6E0-221F-469E-83EE-5247ACBA32C2}.Debug|iPhoneSimulator.Deploy.0 = Debug|iPhoneSimulator
		{683BB6E0-221F-469E-83EE-5247ACBA32C2}.Release|Any CPU.ActiveCfg = Release|iPhoneSimulator
		{683BB6E0-221F-469E-83EE-5247ACBA32C2}.Release|Any CPU.Build.0 = Release|iPhoneSimulator
		{683BB6E0-221F-469E-83EE-5247ACBA32C2}.Release|Any CPU.Deploy.0 = Release|iPhoneSimulator
		{683BB6E0-221F-469E-83EE-5247ACBA32C2}.Release|iPhone.ActiveCfg = Release|iPhone
		{683BB6E0-221F-469E-83EE-5247ACBA32C2}.Release|iPhone.Build.0 = Release|iPhone
		{683BB6E0-221F-469E-83EE-5247ACBA32C2}.Release|iPhone.Deploy.0 = Release|iPhone
		{683BB6E0-221F-469E-83EE-5247ACBA32C2}.Release|iPhoneSimulator.ActiveCfg = Release|iPhoneSimulator
		{683BB6E0-221F-469E-83EE-5247ACBA32C2}.Release|iPhoneSimulator.Build.0 = Release|iPhoneSimulator
		{683BB6E0-221F-469E-83EE-5247ACBA32C2}.Release|iPhoneSimulator.Deploy.0 = Release|iPhoneSimulator
		{BAC9FC9C-E410-47B3-B003-7B4623AA1C6C}.Debug|Any CPU.ActiveCfg = Debug|Any CPU
		{BAC9FC9C-E410-47B3-B003-7B4623AA1C6C}.Debug|Any CPU.Build.0 = Debug|Any CPU
		{BAC9FC9C-E410-47B3-B003-7B4623AA1C6C}.Debug|Any CPU.Deploy.0 = Debug|Any CPU
		{BAC9FC9C-E410-47B3-B003-7B4623AA1C6C}.Debug|iPhone.ActiveCfg = Debug|Any CPU
		{BAC9FC9C-E410-47B3-B003-7B4623AA1C6C}.Debug|iPhone.Build.0 = Debug|Any CPU
		{BAC9FC9C-E410-47B3-B003-7B4623AA1C6C}.Debug|iPhone.Deploy.0 = Debug|Any CPU
		{BAC9FC9C-E410-47B3-B003-7B4623AA1C6C}.Debug|iPhoneSimulator.ActiveCfg = Debug|Any CPU
		{BAC9FC9C-E410-47B3-B003-7B4623AA1C6C}.Debug|iPhoneSimulator.Build.0 = Debug|Any CPU
		{BAC9FC9C-E410-47B3-B003-7B4623AA1C6C}.Debug|iPhoneSimulator.Deploy.0 = Debug|Any CPU
		{BAC9FC9C-E410-47B3-B003-7B4623AA1C6C}.Release|Any CPU.ActiveCfg = Release|Any CPU
		{BAC9FC9C-E410-47B3-B003-7B4623AA1C6C}.Release|Any CPU.Build.0 = Release|Any CPU
		{BAC9FC9C-E410-47B3-B003-7B4623AA1C6C}.Release|Any CPU.Deploy.0 = Release|Any CPU
		{BAC9FC9C-E410-47B3-B003-7B4623AA1C6C}.Release|iPhone.ActiveCfg = Release|Any CPU
		{BAC9FC9C-E410-47B3-B003-7B4623AA1C6C}.Release|iPhone.Build.0 = Release|Any CPU
		{BAC9FC9C-E410-47B3-B003-7B4623AA1C6C}.Release|iPhone.Deploy.0 = Release|Any CPU
		{BAC9FC9C-E410-47B3-B003-7B4623AA1C6C}.Release|iPhoneSimulator.ActiveCfg = Release|Any CPU
		{BAC9FC9C-E410-47B3-B003-7B4623AA1C6C}.Release|iPhoneSimulator.Build.0 = Release|Any CPU
		{BAC9FC9C-E410-47B3-B003-7B4623AA1C6C}.Release|iPhoneSimulator.Deploy.0 = Release|Any CPU
		{AC293DE0-66C5-4C77-AD76-19256017A25C}.Debug|Any CPU.ActiveCfg = Debug|Any CPU
		{AC293DE0-66C5-4C77-AD76-19256017A25C}.Debug|Any CPU.Build.0 = Debug|Any CPU
		{AC293DE0-66C5-4C77-AD76-19256017A25C}.Debug|iPhone.ActiveCfg = Debug|Any CPU
		{AC293DE0-66C5-4C77-AD76-19256017A25C}.Debug|iPhone.Build.0 = Debug|Any CPU
		{AC293DE0-66C5-4C77-AD76-19256017A25C}.Debug|iPhoneSimulator.ActiveCfg = Debug|Any CPU
		{AC293DE0-66C5-4C77-AD76-19256017A25C}.Debug|iPhoneSimulator.Build.0 = Debug|Any CPU
		{AC293DE0-66C5-4C77-AD76-19256017A25C}.Release|Any CPU.ActiveCfg = Release|Any CPU
		{AC293DE0-66C5-4C77-AD76-19256017A25C}.Release|Any CPU.Build.0 = Release|Any CPU
		{AC293DE0-66C5-4C77-AD76-19256017A25C}.Release|iPhone.ActiveCfg = Release|Any CPU
		{AC293DE0-66C5-4C77-AD76-19256017A25C}.Release|iPhone.Build.0 = Release|Any CPU
		{AC293DE0-66C5-4C77-AD76-19256017A25C}.Release|iPhoneSimulator.ActiveCfg = Release|Any CPU
		{AC293DE0-66C5-4C77-AD76-19256017A25C}.Release|iPhoneSimulator.Build.0 = Release|Any CPU
	EndGlobalSection
	GlobalSection(SolutionProperties) = preSolution
		HideSolutionNode = FALSE
	EndGlobalSection
	GlobalSection(ExtensibilityGlobals) = postSolution
		SolutionGuid = {FFAD1923-A2B5-4E6D-8901-9DC8C02A907A}
	EndGlobalSection
EndGlobal
